
Microsoft Visual Studio Solution File, Format Version 12.00
# Visual Studio Version 17
VisualStudioVersion = 17.0.31903.59
MinimumVisualStudioVersion = 10.0.40219.1
Project("{FAE04EC0-301F-11D3-BF4B-00C04F79EFBC}") = "Bank.App", "Bank.App\Bank.App.csproj", "{BADEE19C-4F3E-4030-92CF-F2E99062B272}"
EndProject
Project("{FAE04EC0-301F-11D3-BF4B-00C04F79EFBC}") = "Bank.Logic", "Bank.Logic\Bank.Logic.csproj", "{07F5B1D5-5230-40A3-AB21-BEE52271FB7A}"
EndProject
Global
	GlobalSection(SolutionConfigurationPlatforms) = preSolution
		Debug|Any CPU = Debug|Any CPU
		Release|Any CPU = Release|Any CPU
	EndGlobalSection
	GlobalSection(SolutionProperties) = preSolution
		HideSolutionNode = FALSE
	EndGlobalSection
	GlobalSection(ProjectConfigurationPlatforms) = postSolution
		{BADEE19C-4F3E-4030-92CF-F2E99062B272}.Debug|Any CPU.ActiveCfg = Debug|Any CPU
		{BADEE19C-4F3E-4030-92CF-F2E99062B272}.Debug|Any CPU.Build.0 = Debug|Any CPU
		{BADEE19C-4F3E-4030-92CF-F2E99062B272}.Release|Any CPU.ActiveCfg = Release|Any CPU
		{BADEE19C-4F3E-4030-92CF-F2E99062B272}.Release|Any CPU.Build.0 = Release|Any CPU
		{07F5B1D5-5230-40A3-AB21-BEE52271FB7A}.Debug|Any CPU.ActiveCfg = Debug|Any CPU
		{07F5B1D5-5230-40A3-AB21-BEE52271FB7A}.Debug|Any CPU.Build.0 = Debug|Any CPU
		{07F5B1D5-5230-40A3-AB21-BEE52271FB7A}.Release|Any CPU.ActiveCfg = Release|Any CPU
		{07F5B1D5-5230-40A3-AB21-BEE52271FB7A}.Release|Any CPU.Build.0 = Release|Any CPU
	EndGlobalSection
EndGlobal
